
Microsoft Visual Studio Solution File, Format Version 12.00
# Visual Studio Version 16
VisualStudioVersion = 16.0.29613.14
MinimumVisualStudioVersion = 10.0.40219.1
Project("{9A19103F-16F7-4668-BE54-9A1E7A4F7556}") = "BitHelp.Core.Extend", "src\BitHelp.Core.Extend.csproj", "{D7FEAC08-5354-46F4-87C3-C431B80D6F10}"
EndProject
Project("{FAE04EC0-301F-11D3-BF4B-00C04F79EFBC}") = "BitHelp.Core.Extend.Test", "test\BitHelp.Core.Extend.Test.csproj", "{A276EDC0-D664-4D83-A6EF-F0F6695BF136}"
EndProject
Global
	GlobalSection(SolutionConfigurationPlatforms) = preSolution
		Debug|Any CPU = Debug|Any CPU
		Release|Any CPU = Release|Any CPU
	EndGlobalSection
	GlobalSection(ProjectConfigurationPlatforms) = postSolution
		{D7FEAC08-5354-46F4-87C3-C431B80D6F10}.Debug|Any CPU.ActiveCfg = Debug|Any CPU
		{D7FEAC08-5354-46F4-87C3-C431B80D6F10}.Debug|Any CPU.Build.0 = Debug|Any CPU
		{D7FEAC08-5354-46F4-87C3-C431B80D6F10}.Release|Any CPU.ActiveCfg = Release|Any CPU
		{D7FEAC08-5354-46F4-87C3-C431B80D6F10}.Release|Any CPU.Build.0 = Release|Any CPU
		{A276EDC0-D664-4D83-A6EF-F0F6695BF136}.Debug|Any CPU.ActiveCfg = Debug|Any CPU
		{A276EDC0-D664-4D83-A6EF-F0F6695BF136}.Debug|Any CPU.Build.0 = Debug|Any CPU
		{A276EDC0-D664-4D83-A6EF-F0F6695BF136}.Release|Any CPU.ActiveCfg = Release|Any CPU
		{A276EDC0-D664-4D83-A6EF-F0F6695BF136}.Release|Any CPU.Build.0 = Release|Any CPU
	EndGlobalSection
	GlobalSection(SolutionProperties) = preSolution
		HideSolutionNode = FALSE
	EndGlobalSection
	GlobalSection(ExtensibilityGlobals) = postSolution
		SolutionGuid = {96234578-BEB1-4803-A85D-E905DB7FFB53}
	EndGlobalSection
EndGlobal
